
Microsoft Visual Studio Solution File, Format Version 12.00
# Visual Studio Version 17
VisualStudioVersion = 17.9.34714.143
MinimumVisualStudioVersion = 10.0.40219.1
Project("{9A19103F-16F7-4668-BE54-9A1E7A4F7556}") = "BlazorChat", "BlazorChat\BlazorChat.csproj", "{7736B30B-077E-472C-BCC1-894E5842EBCC}"
EndProject
Project("{9A19103F-16F7-4668-BE54-9A1E7A4F7556}") = "U2U-AI.Infra", "U2U-AI.Infra\U2U-AI.Infra.csproj", "{86B7C5C7-D20C-465F-86CD-A83DF13FF93C}"
EndProject
Project("{9A19103F-16F7-4668-BE54-9A1E7A4F7556}") = "U2U-AI.API", "U2U-AI.API\U2U-AI.API.csproj", "{2EAE2BF4-2EBA-4FB6-A0B3-642029D495A9}"
EndProject
Project("{FAE04EC0-301F-11D3-BF4B-00C04F79EFBC}") = "U2UCourseKernel", "U2UCourseKernel\U2UCourseKernel.csproj", "{38A094E6-0AC5-4AF6-9B6B-E582BFD431D4}"
EndProject
Project("{9A19103F-16F7-4668-BE54-9A1E7A4F7556}") = "CopilotPlugin", "CopilotPlugin\CopilotPlugin.csproj", "{31666153-4B4F-44FA-8E48-38B476AED66F}"
EndProject
Global
	GlobalSection(SolutionConfigurationPlatforms) = preSolution
		Debug|Any CPU = Debug|Any CPU
		Release|Any CPU = Release|Any CPU
	EndGlobalSection
	GlobalSection(ProjectConfigurationPlatforms) = postSolution
		{7736B30B-077E-472C-BCC1-894E5842EBCC}.Debug|Any CPU.ActiveCfg = Debug|Any CPU
		{7736B30B-077E-472C-BCC1-894E5842EBCC}.Debug|Any CPU.Build.0 = Debug|Any CPU
		{7736B30B-077E-472C-BCC1-894E5842EBCC}.Release|Any CPU.ActiveCfg = Release|Any CPU
		{7736B30B-077E-472C-BCC1-894E5842EBCC}.Release|Any CPU.Build.0 = Release|Any CPU
		{86B7C5C7-D20C-465F-86CD-A83DF13FF93C}.Debug|Any CPU.ActiveCfg = Debug|Any CPU
		{86B7C5C7-D20C-465F-86CD-A83DF13FF93C}.Debug|Any CPU.Build.0 = Debug|Any CPU
		{86B7C5C7-D20C-465F-86CD-A83DF13FF93C}.Release|Any CPU.ActiveCfg = Release|Any CPU
		{86B7C5C7-D20C-465F-86CD-A83DF13FF93C}.Release|Any CPU.Build.0 = Release|Any CPU
		{2EAE2BF4-2EBA-4FB6-A0B3-642029D495A9}.Debug|Any CPU.ActiveCfg = Debug|Any CPU
		{2EAE2BF4-2EBA-4FB6-A0B3-642029D495A9}.Debug|Any CPU.Build.0 = Debug|Any CPU
		{2EAE2BF4-2EBA-4FB6-A0B3-642029D495A9}.Release|Any CPU.ActiveCfg = Release|Any CPU
		{2EAE2BF4-2EBA-4FB6-A0B3-642029D495A9}.Release|Any CPU.Build.0 = Release|Any CPU
		{38A094E6-0AC5-4AF6-9B6B-E582BFD431D4}.Debug|Any CPU.ActiveCfg = Debug|Any CPU
		{38A094E6-0AC5-4AF6-9B6B-E582BFD431D4}.Debug|Any CPU.Build.0 = Debug|Any CPU
		{38A094E6-0AC5-4AF6-9B6B-E582BFD431D4}.Release|Any CPU.ActiveCfg = Release|Any CPU
		{38A094E6-0AC5-4AF6-9B6B-E582BFD431D4}.Release|Any CPU.Build.0 = Release|Any CPU
		{31666153-4B4F-44FA-8E48-38B476AED66F}.Debug|Any CPU.ActiveCfg = Debug|Any CPU
		{31666153-4B4F-44FA-8E48-38B476AED66F}.Debug|Any CPU.Build.0 = Debug|Any CPU
		{31666153-4B4F-44FA-8E48-38B476AED66F}.Debug|Any CPU.Deploy.0 = Debug|Any CPU
		{31666153-4B4F-44FA-8E48-38B476AED66F}.Release|Any CPU.ActiveCfg = Release|Any CPU
		{31666153-4B4F-44FA-8E48-38B476AED66F}.Release|Any CPU.Build.0 = Release|Any CPU
		{31666153-4B4F-44FA-8E48-38B476AED66F}.Release|Any CPU.Deploy.0 = Release|Any CPU
	EndGlobalSection
	GlobalSection(SolutionProperties) = preSolution
		HideSolutionNode = FALSE
	EndGlobalSection
	GlobalSection(ExtensibilityGlobals) = postSolution
		SolutionGuid = {407C183E-2A45-42C2-B8A9-D369A249B2C9}
	EndGlobalSection
EndGlobal
